<?xml version="1.0" encoding="utf-8"?>
<Project ToolsVersion="4.0" xmlns="http://schemas.microsoft.com/developer/msbuild/2003">
  <ItemGroup>
    <Filter Include="Source Files">
      <UniqueIdentifier>{E9C7FDCE-D52A-8D73-7EB0-C5296AF258F6}</UniqueIdentifier>
    </Filter>
    <Filter Include="resources">
      <UniqueIdentifier>{701b1734-2e82-48bf-8667-fce59ce8485e}</UniqueIdentifier>
    </Filter>
    <Filter Include="resources\audio">
      <UniqueIdentifier>{d17ac131-d92a-494a-a1c7-e729f1aeadad}</UniqueIdentifier>
    </Filter>
  </ItemGroup>
  <ItemGroup>
    <ClCompile Include="main.cpp">
      <Filter>Source Files</Filter>
    </ClCompile>
  </ItemGroup>
  <ItemGroup>
    <Media Include="..\..\..\..\Downloads\colision.wav">
      <Filter>resources\audio</Filter>
    </Media>
  </ItemGroup>
  <ItemGroup>
    <None Include="..\..\..\..\Downloads\punto.ogg">
      <Filter>resources\audio</Filter>
    </None>
  </ItemGroup>
</Project>